// !$*UTF8*$!
{
	archiveVersion = 1;
	classes = {
	};
	objectVersion = 50;
	objects = {

/* Begin PBXBuildFile section */
		CFD46ABE249979B300DACD8E /* AppDelegate.swift in Sources */ = {isa = PBXBuildFile; fileRef = CFD46ABD249979B300DACD8E /* AppDelegate.swift */; };
		CFD46AC0249979B300DACD8E /* SceneDelegate.swift in Sources */ = {isa = PBXBuildFile; fileRef = CFD46ABF249979B300DACD8E /* SceneDelegate.swift */; };
		CFD46AC2249979B300DACD8E /* EmojiArtDocumentView.swift in Sources */ = {isa = PBXBuildFile; fileRef = CFD46AC1249979B300DACD8E /* EmojiArtDocumentView.swift */; };
		CFD46AC4249979B600DACD8E /* Assets.xcassets in Resources */ = {isa = PBXBuildFile; fileRef = CFD46AC3249979B600DACD8E /* Assets.xcassets */; };
		CFD46AC7249979B600DACD8E /* Preview Assets.xcassets in Resources */ = {isa = PBXBuildFile; fileRef = CFD46AC6249979B600DACD8E /* Preview Assets.xcassets */; };
		CFD46ACA249979B600DACD8E /* LaunchScreen.storyboard in Resources */ = {isa = PBXBuildFile; fileRef = CFD46AC8249979B600DACD8E /* LaunchScreen.storyboard */; };
		CFD46AD224997ADA00DACD8E /* EmojiArtDocument.swift in Sources */ = {isa = PBXBuildFile; fileRef = CFD46AD124997ADA00DACD8E /* EmojiArtDocument.swift */; };
		CFD46AD42499923B00DACD8E /* EmojiArt.swift in Sources */ = {isa = PBXBuildFile; fileRef = CFD46AD32499923B00DACD8E /* EmojiArt.swift */; };
		CFD46AD6249997A100DACD8E /* EmojiArtExtensions.swift in Sources */ = {isa = PBXBuildFile; fileRef = CFD46AD5249997A000DACD8E /* EmojiArtExtensions.swift */; };
		CFF2C3B624B16DAD00780CCB /* OptionalImage.swift in Sources */ = {isa = PBXBuildFile; fileRef = CFF2C3B524B16DAD00780CCB /* OptionalImage.swift */; };
/* End PBXBuildFile section */

/* Begin PBXFileReference section */
		CFD46ABA249979B300DACD8E /* EmojiArt.app */ = {isa = PBXFileReference; explicitFileType = wrapper.application; includeInIndex = 0; path = EmojiArt.app; sourceTree = BUILT_PRODUCTS_DIR; };
		CFD46ABD249979B300DACD8E /* AppDelegate.swift */ = {isa = PBXFileReference; lastKnownFileType = sourcecode.swift; path = AppDelegate.swift; sourceTree = "<group>"; };
		CFD46ABF249979B300DACD8E /* SceneDelegate.swift */ = {isa = PBXFileReference; lastKnownFileType = sourcecode.swift; path = SceneDelegate.swift; sourceTree = "<group>"; };
		CFD46AC1249979B300DACD8E /* EmojiArtDocumentView.swift */ = {isa = PBXFileReference; lastKnownFileType = sourcecode.swift; path = EmojiArtDocumentView.swift; sourceTree = "<group>"; };
		CFD46AC3249979B600DACD8E /* Assets.xcassets */ = {isa = PBXFileReference; lastKnownFileType = folder.assetcatalog; path = Assets.xcassets; sourceTree = "<group>"; };
		CFD46AC6249979B600DACD8E /* Preview Assets.xcassets */ = {isa = PBXFileReference; lastKnownFileType = folder.assetcatalog; path = "Preview Assets.xcassets"; sourceTree = "<group>"; };
		CFD46AC9249979B600DACD8E /* Base */ = {isa = PBXFileReference; lastKnownFileType = file.storyboard; name = Base; path = Base.lproj/LaunchScreen.storyboard; sourceTree = "<group>"; };
		CFD46ACB249979B600DACD8E /* Info.plist */ = {isa = PBXFileReference; lastKnownFileType = text.plist.xml; path = Info.plist; sourceTree = "<group>"; };
		CFD46AD124997ADA00DACD8E /* EmojiArtDocument.swift */ = {isa = PBXFileReference; lastKnownFileType = sourcecode.swift; path = EmojiArtDocument.swift; sourceTree = "<group>"; };
		CFD46AD32499923B00DACD8E /* EmojiArt.swift */ = {isa = PBXFileReference; lastKnownFileType = sourcecode.swift; path = EmojiArt.swift; sourceTree = "<group>"; };
		CFD46AD5249997A000DACD8E /* EmojiArtExtensions.swift */ = {isa = PBXFileReference; fileEncoding = 4; lastKnownFileType = sourcecode.swift; path = EmojiArtExtensions.swift; sourceTree = "<group>"; };
		CFF2C3B524B16DAD00780CCB /* OptionalImage.swift */ = {isa = PBXFileReference; lastKnownFileType = sourcecode.swift; path = OptionalImage.swift; sourceTree = "<group>"; };
/* End PBXFileReference section */

/* Begin PBXFrameworksBuildPhase section */
		CFD46AB7249979B300DACD8E /* Frameworks */ = {
			isa = PBXFrameworksBuildPhase;
			buildActionMask = 2147483647;
			files = (
			);
			runOnlyForDeploymentPostprocessing = 0;
		};
/* End PBXFrameworksBuildPhase section */

/* Begin PBXGroup section */
		CFD46AB1249979B300DACD8E = {
			isa = PBXGroup;
			children = (
				CFD46ABC249979B300DACD8E /* EmojiArt */,
				CFD46ABB249979B300DACD8E /* Products */,
			);
			sourceTree = "<group>";
		};
		CFD46ABB249979B300DACD8E /* Products */ = {
			isa = PBXGroup;
			children = (
				CFD46ABA249979B300DACD8E /* EmojiArt.app */,
			);
			name = Products;
			sourceTree = "<group>";
		};
		CFD46ABC249979B300DACD8E /* EmojiArt */ = {
			isa = PBXGroup;
			children = (
				CFD46ABD249979B300DACD8E /* AppDelegate.swift */,
				CFD46ABF249979B300DACD8E /* SceneDelegate.swift */,
				CFD46AC1249979B300DACD8E /* EmojiArtDocumentView.swift */,
				CFF2C3B524B16DAD00780CCB /* OptionalImage.swift */,
				CFD46AD124997ADA00DACD8E /* EmojiArtDocument.swift */,
				CFD46AD32499923B00DACD8E /* EmojiArt.swift */,
				CFD46AD5249997A000DACD8E /* EmojiArtExtensions.swift */,
				CFD46AC3249979B600DACD8E /* Assets.xcassets */,
				CFD46AC8249979B600DACD8E /* LaunchScreen.storyboard */,
				CFD46ACB249979B600DACD8E /* Info.plist */,
				CFD46AC5249979B600DACD8E /* Preview Content */,
			);
			path = EmojiArt;
			sourceTree = "<group>";
		};
		CFD46AC5249979B600DACD8E /* Preview Content */ = {
			isa = PBXGroup;
			children = (
				CFD46AC6249979B600DACD8E /* Preview Assets.xcassets */,
			);
			path = "Preview Content";
			sourceTree = "<group>";
		};
/* End PBXGroup section */

/* Begin PBXNativeTarget section */
		CFD46AB9249979B300DACD8E /* EmojiArt */ = {
			isa = PBXNativeTarget;
			buildConfigurationList = CFD46ACE249979B600DACD8E /* Build configuration list for PBXNativeTarget "EmojiArt" */;
			buildPhases = (
				CFD46AB6249979B300DACD8E /* Sources */,
				CFD46AB7249979B300DACD8E /* Frameworks */,
				CFD46AB8249979B300DACD8E /* Resources */,
			);
			buildRules = (
			);
			dependencies = (
			);
			name = EmojiArt;
			productName = EmojiArt;
			productReference = CFD46ABA249979B300DACD8E /* EmojiArt.app */;
			productType = "com.apple.product-type.application";
		};
/* End PBXNativeTarget section */

/* Begin PBXProject section */
		CFD46AB2249979B300DACD8E /* Project object */ = {
			isa = PBXProject;
			attributes = {
				LastSwiftUpdateCheck = 1140;
				LastUpgradeCheck = 1140;
				ORGANIZATIONNAME = "Pablo Cornejo Pierola";
				TargetAttributes = {
					CFD46AB9249979B300DACD8E = {
						CreatedOnToolsVersion = 11.4.1;
					};
				};
			};
			buildConfigurationList = CFD46AB5249979B300DACD8E /* Build configuration list for PBXProject "EmojiArt" */;
			compatibilityVersion = "Xcode 9.3";
			developmentRegion = en;
			hasScannedForEncodings = 0;
			knownRegions = (
				en,
				Base,
			);
			mainGroup = CFD46AB1249979B300DACD8E;
			productRefGroup = CFD46ABB249979B300DACD8E /* Products */;
			projectDirPath = "";
			projectRoot = "";
			targets = (
				CFD46AB9249979B300DACD8E /* EmojiArt */,
			);
		};
/* End PBXProject section */

/* Begin PBXResourcesBuildPhase section */
		CFD46AB8249979B300DACD8E /* Resources */ = {
			isa = PBXResourcesBuildPhase;
			buildActionMask = 2147483647;
			files = (
				CFD46ACA249979B600DACD8E /* LaunchScreen.storyboard in Resources */,
				CFD46AC7249979B600DACD8E /* Preview Assets.xcassets in Resources */,
				CFD46AC4249979B600DACD8E /* Assets.xcassets in Resources */,
			);
			runOnlyForDeploymentPostprocessing = 0;
		};
/* End PBXResourcesBuildPhase section */

/* Begin PBXSourcesBuildPhase section */
		CFD46AB6249979B300DACD8E /* Sources */ = {
			isa = PBXSourcesBuildPhase;
			buildActionMask = 2147483647;
			files = (
				CFD46ABE249979B300DACD8E /* AppDelegate.swift in Sources */,
				CFD46AC0249979B300DACD8E /* SceneDelegate.swift in Sources */,
				CFD46AD6249997A100DACD8E /* EmojiArtExtensions.swift in Sources */,
				CFD46AD42499923B00DACD8E /* EmojiArt.swift in Sources */,
				CFD46AC2249979B300DACD8E /* EmojiArtDocumentView.swift in Sources */,
				CFF2C3B624B16DAD00780CCB /* OptionalImage.swift in Sources */,
				CFD46AD224997ADA00DACD8E /* EmojiArtDocument.swift in Sources */,
			);
			runOnlyForDeploymentPostprocessing = 0;
		};
/* End PBXSourcesBuildPhase section */

/* Begin PBXVariantGroup section */
		CFD46AC8249979B600DACD8E /* LaunchScreen.storyboard */ = {
			isa = PBXVariantGroup;
			children = (
				CFD46AC9249979B600DACD8E /* Base */,
			);
			name = LaunchScreen.storyboard;
			sourceTree = "<group>";
		};
/* End PBXVariantGroup section */

/* Begin XCBuildConfiguration section */
		CFD46ACC249979B600DACD8E /* Debug */ = {
			isa = XCBuildConfiguration;
			buildSettings = {
				ALWAYS_SEARCH_USER_PATHS = NO;
				CLANG_ANALYZER_NONNULL = YES;
				CLANG_ANALYZER_NUMBER_OBJECT_CONVERSION = YES_AGGRESSIVE;
				CLANG_CXX_LANGUAGE_STANDARD = "gnu++14";
				CLANG_CXX_LIBRARY = "libc++";
				CLANG_ENABLE_MODULES = YES;
				CLANG_ENABLE_OBJC_ARC = YES;
				CLANG_ENABLE_OBJC_WEAK = YES;
				CLANG_WARN_BLOCK_CAPTURE_AUTORELEASING = YES;
				CLANG_WARN_BOOL_CONVERSION = YES;
				CLANG_WARN_COMMA = YES;
				CLANG_WARN_CONSTANT_CONVERSION = YES;
				CLANG_WARN_DEPRECATED_OBJC_IMPLEMENTATIONS = YES;
				CLANG_WARN_DIRECT_OBJC_ISA_USAGE = YES_ERROR;
				CLANG_WARN_DOCUMENTATION_COMMENTS = YES;
				CLANG_WARN_EMPTY_BODY = YES;
				CLANG_WARN_ENUM_CONVERSION = YES;
				CLANG_WARN_INFINITE_RECURSION = YES;
				CLANG_WARN_INT_CONVERSION = YES;
				CLANG_WARN_NON_LITERAL_NULL_CONVERSION = YES;
				CLANG_WARN_OBJC_IMPLICIT_RETAIN_SELF = YES;
				CLANG_WARN_OBJC_LITERAL_CONVERSION = YES;
				CLANG_WARN_OBJC_ROOT_CLASS = YES_ERROR;
				CLANG_WARN_RANGE_LOOP_ANALYSIS = YES;
				CLANG_WARN_STRICT_PROTOTYPES = YES;
				CLANG_WARN_SUSPICIOUS_MOVE = YES;
				CLANG_WARN_UNGUARDED_AVAILABILITY = YES_AGGRESSIVE;
				CLANG_WARN_UNREACHABLE_CODE = YES;
				CLANG_WARN__DUPLICATE_METHOD_MATCH = YES;
				COPY_PHASE_STRIP = NO;
				DEBUG_INFORMATION_FORMAT = dwarf;
				ENABLE_STRICT_OBJC_MSGSEND = YES;
				ENABLE_TESTABILITY = YES;
				GCC_C_LANGUAGE_STANDARD = gnu11;
				GCC_DYNAMIC_NO_PIC = NO;
				GCC_NO_COMMON_BLOCKS = YES;
				GCC_OPTIMIZATION_LEVEL = 0;
				GCC_PREPROCESSOR_DEFINITIONS = (
					"DEBUG=1",
					"$(inherited)",
				);
				GCC_WARN_64_TO_32_BIT_CONVERSION = YES;
				GCC_WARN_ABOUT_RETURN_TYPE = YES_ERROR;
				GCC_WARN_UNDECLARED_SELECTOR = YES;
				GCC_WARN_UNINITIALIZED_AUTOS = YES_AGGRESSIVE;
				GCC_WARN_UNUSED_FUNCTION = YES;
				GCC_WARN_UNUSED_VARIABLE = YES;
				IPHONEOS_DEPLOYMENT_TARGET = 13.4;
				MTL_ENABLE_DEBUG_INFO = INCLUDE_SOURCE;
				MTL_FAST_MATH = YES;
				ONLY_ACTIVE_ARCH = YES;
				SDKROOT = iphoneos;
				SWIFT_ACTIVE_COMPILATION_CONDITIONS = DEBUG;
				SWIFT_OPTIMIZATION_LEVEL = "-Onone";
			};
			name = Debug;
		};
		CFD46ACD249979B600DACD8E /* Release */ = {
			isa = XCBuildConfiguration;
			buildSettings = {
				ALWAYS_SEARCH_USER_PATHS = NO;
				CLANG_ANALYZER_NONNULL = YES;
				CLANG_ANALYZER_NUMBER_OBJECT_CONVERSION = YES_AGGRESSIVE;
				CLANG_CXX_LANGUAGE_STANDARD = "gnu++14";
				CLANG_CXX_LIBRARY = "libc++";
				CLANG_ENABLE_MODULES = YES;
				CLANG_ENABLE_OBJC_ARC = YES;
				CLANG_ENABLE_OBJC_WEAK = YES;
				CLANG_WARN_BLOCK_CAPTURE_AUTORELEASING = YES;
				CLANG_WARN_BOOL_CONVERSION = YES;
				CLANG_WARN_COMMA = YES;
				CLANG_WARN_CONSTANT_CONVERSION = YES;
				CLANG_WARN_DEPRECATED_OBJC_IMPLEMENTATIONS = YES;
				CLANG_WARN_DIRECT_OBJC_ISA_USAGE = YES_ERROR;
				CLANG_WARN_DOCUMENTATION_COMMENTS = YES;
				CLANG_WARN_EMPTY_BODY = YES;
				CLANG_WARN_ENUM_CONVERSION = YES;
				CLANG_WARN_INFINITE_RECURSION = YES;
				CLANG_WARN_INT_CONVERSION = YES;
				CLANG_WARN_NON_LITERAL_NULL_CONVERSION = YES;
				CLANG_WARN_OBJC_IMPLICIT_RETAIN_SELF = YES;
				CLANG_WARN_OBJC_LITERAL_CONVERSION = YES;
				CLANG_WARN_OBJC_ROOT_CLASS = YES_ERROR;
				CLANG_WARN_RANGE_LOOP_ANALYSIS = YES;
				CLANG_WARN_STRICT_PROTOTYPES = YES;
				CLANG_WARN_SUSPICIOUS_MOVE = YES;
				CLANG_WARN_UNGUARDED_AVAILABILITY = YES_AGGRESSIVE;
				CLANG_WARN_UNREACHABLE_CODE = YES;
				CLANG_WARN__DUPLICATE_METHOD_MATCH = YES;
				COPY_PHASE_STRIP = NO;
				DEBUG_INFORMATION_FORMAT = "dwarf-with-dsym";
				ENABLE_NS_ASSERTIONS = NO;
				ENABLE_STRICT_OBJC_MSGSEND = YES;
				GCC_C_LANGUAGE_STANDARD = gnu11;
				GCC_NO_COMMON_BLOCKS = YES;
				GCC_WARN_64_TO_32_BIT_CONVERSION = YES;
				GCC_WARN_ABOUT_RETURN_TYPE = YES_ERROR;
				GCC_WARN_UNDECLARED_SELECTOR = YES;
				GCC_WARN_UNINITIALIZED_AUTOS = YES_AGGRESSIVE;
				GCC_WARN_UNUSED_FUNCTION = YES;
				GCC_WARN_UNUSED_VARIABLE = YES;
				IPHONEOS_DEPLOYMENT_TARGET = 13.4;
				MTL_ENABLE_DEBUG_INFO = NO;
				MTL_FAST_MATH = YES;
				SDKROOT = iphoneos;
				SWIFT_COMPILATION_MODE = wholemodule;
				SWIFT_OPTIMIZATION_LEVEL = "-O";
				VALIDATE_PRODUCT = YES;
			};
			name = Release;
		};
		CFD46ACF249979B600DACD8E /* Debug */ = {
			isa = XCBuildConfiguration;
			buildSettings = {
				ASSETCATALOG_COMPILER_APPICON_NAME = AppIcon;
				CODE_SIGN_STYLE = Automatic;
				DEVELOPMENT_ASSET_PATHS = "\"EmojiArt/Preview Content\"";
				DEVELOPMENT_TEAM = 7A3CKHSA94;
				ENABLE_PREVIEWS = YES;
				INFOPLIST_FILE = EmojiArt/Info.plist;
				LD_RUNPATH_SEARCH_PATHS = (
					"$(inherited)",
					"@executable_path/Frameworks",
				);
				PRODUCT_BUNDLE_IDENTIFIER = com.pablocornejopierola.EmojiArt;
				PRODUCT_NAME = "$(TARGET_NAME)";
				SWIFT_VERSION = 5.0;
				TARGETED_DEVICE_FAMILY = "1,2";
			};
			name = Debug;
		};
		CFD46AD0249979B600DACD8E /* Release */ = {
			isa = XCBuildConfiguration;
			buildSettings = {
				ASSETCATALOG_COMPILER_APPICON_NAME = AppIcon;
				CODE_SIGN_STYLE = Automatic;
				DEVELOPMENT_ASSET_PATHS = "\"EmojiArt/Preview Content\"";
				DEVELOPMENT_TEAM = 7A3CKHSA94;
				ENABLE_PREVIEWS = YES;
				INFOPLIST_FILE = EmojiArt/Info.plist;
				LD_RUNPATH_SEARCH_PATHS = (
					"$(inherited)",
					"@executable_path/Frameworks",
				);
				PRODUCT_BUNDLE_IDENTIFIER = com.pablocornejopierola.EmojiArt;
				PRODUCT_NAME = "$(TARGET_NAME)";
				SWIFT_VERSION = 5.0;
				TARGETED_DEVICE_FAMILY = "1,2";
			};
			name = Release;
		};
/* End XCBuildConfiguration section */

/* Begin XCConfigurationList section */
		CFD46AB5249979B300DACD8E /* Build configuration list for PBXProject "EmojiArt" */ = {
			isa = XCConfigurationList;
			buildConfigurations = (
				CFD46ACC249979B600DACD8E /* Debug */,
				CFD46ACD249979B600DACD8E /* Release */,
			);
			defaultConfigurationIsVisible = 0;
			defaultConfigurationName = Release;
		};
		CFD46ACE249979B600DACD8E /* Build configuration list for PBXNativeTarget "EmojiArt" */ = {
			isa = XCConfigurationList;
			buildConfigurations = (
				CFD46ACF249979B600DACD8E /* Debug */,
				CFD46AD0249979B600DACD8E /* Release */,
			);
			defaultConfigurationIsVisible = 0;
			defaultConfigurationName = Release;
		};
/* End XCConfigurationList section */
	};
	rootObject = CFD46AB2249979B300DACD8E /* Project object */;
}
